
Microsoft Visual Studio Solution File, Format Version 12.00
# Visual Studio Version 17
VisualStudioVersion = 17.3.32922.545
MinimumVisualStudioVersion = 10.0.40219.1
Project("{FAE04EC0-301F-11D3-BF4B-00C04F79EFBC}") = "CSPHARMA", "CSPHARMA\CSPHARMA.csproj", "{C91969EB-F279-4F7D-A11D-2EC6D994A730}"
EndProject
Project("{FAE04EC0-301F-11D3-BF4B-00C04F79EFBC}") = "CSPHARMA_DAL", "CSPHARMA_DAL\CSPHARMA_DAL.csproj", "{A2FE7D2D-3725-45B4-8BE9-EAA75F9F53B0}"
EndProject
Global
	GlobalSection(SolutionConfigurationPlatforms) = preSolution
		Debug|Any CPU = Debug|Any CPU
		Release|Any CPU = Release|Any CPU
	EndGlobalSection
	GlobalSection(ProjectConfigurationPlatforms) = postSolution
		{C91969EB-F279-4F7D-A11D-2EC6D994A730}.Debug|Any CPU.ActiveCfg = Debug|Any CPU
		{C91969EB-F279-4F7D-A11D-2EC6D994A730}.Debug|Any CPU.Build.0 = Debug|Any CPU
		{C91969EB-F279-4F7D-A11D-2EC6D994A730}.Release|Any CPU.ActiveCfg = Release|Any CPU
		{C91969EB-F279-4F7D-A11D-2EC6D994A730}.Release|Any CPU.Build.0 = Release|Any CPU
		{A2FE7D2D-3725-45B4-8BE9-EAA75F9F53B0}.Debug|Any CPU.ActiveCfg = Debug|Any CPU
		{A2FE7D2D-3725-45B4-8BE9-EAA75F9F53B0}.Debug|Any CPU.Build.0 = Debug|Any CPU
		{A2FE7D2D-3725-45B4-8BE9-EAA75F9F53B0}.Release|Any CPU.ActiveCfg = Release|Any CPU
		{A2FE7D2D-3725-45B4-8BE9-EAA75F9F53B0}.Release|Any CPU.Build.0 = Release|Any CPU
	EndGlobalSection
	GlobalSection(SolutionProperties) = preSolution
		HideSolutionNode = FALSE
	EndGlobalSection
	GlobalSection(ExtensibilityGlobals) = postSolution
		SolutionGuid = {2D097DD9-F807-43BC-9503-AEBBFD5D8E1A}
	EndGlobalSection
EndGlobal
